
Microsoft Visual Studio Solution File, Format Version 12.00
# Visual Studio Version 16
VisualStudioVersion = 16.0.31729.503
MinimumVisualStudioVersion = 10.0.40219.1
Project("{FAE04EC0-301F-11D3-BF4B-00C04F79EFBC}") = "ArraysAndCollections", "ArraysAndCollections\ArraysAndCollections.csproj", "{745F8B80-63C3-4464-875A-6A99D476660A}"
EndProject
Global
	GlobalSection(SolutionConfigurationPlatforms) = preSolution
		Debug|Any CPU = Debug|Any CPU
		Release|Any CPU = Release|Any CPU
	EndGlobalSection
	GlobalSection(ProjectConfigurationPlatforms) = postSolution
		{745F8B80-63C3-4464-875A-6A99D476660A}.Debug|Any CPU.ActiveCfg = Debug|Any CPU
		{745F8B80-63C3-4464-875A-6A99D476660A}.Debug|Any CPU.Build.0 = Debug|Any CPU
		{745F8B80-63C3-4464-875A-6A99D476660A}.Release|Any CPU.ActiveCfg = Release|Any CPU
		{745F8B80-63C3-4464-875A-6A99D476660A}.Release|Any CPU.Build.0 = Release|Any CPU
	EndGlobalSection
	GlobalSection(SolutionProperties) = preSolution
		HideSolutionNode = FALSE
	EndGlobalSection
	GlobalSection(ExtensibilityGlobals) = postSolution
		SolutionGuid = {B7022B8D-C9C3-4F2B-83C4-165830F9BF67}
	EndGlobalSection
EndGlobal
